
Microsoft Visual Studio Solution File, Format Version 12.00
# Visual Studio Version 17
VisualStudioVersion = 17.5.33414.496
MinimumVisualStudioVersion = 10.0.40219.1
Project("{FAE04EC0-301F-11D3-BF4B-00C04F79EFBC}") = "SRbot", "SRbot\SRbot.csproj", "{15C42450-FCC2-4C9D-A49E-69B199430A49}"
EndProject
Global
	GlobalSection(SolutionConfigurationPlatforms) = preSolution
		Debug|Any CPU = Debug|Any CPU
		Release|Any CPU = Release|Any CPU
	EndGlobalSection
	GlobalSection(ProjectConfigurationPlatforms) = postSolution
		{15C42450-FCC2-4C9D-A49E-69B199430A49}.Debug|Any CPU.ActiveCfg = Debug|Any CPU
		{15C42450-FCC2-4C9D-A49E-69B199430A49}.Debug|Any CPU.Build.0 = Debug|Any CPU
		{15C42450-FCC2-4C9D-A49E-69B199430A49}.Release|Any CPU.ActiveCfg = Release|Any CPU
		{15C42450-FCC2-4C9D-A49E-69B199430A49}.Release|Any CPU.Build.0 = Release|Any CPU
	EndGlobalSection
	GlobalSection(SolutionProperties) = preSolution
		HideSolutionNode = FALSE
	EndGlobalSection
	GlobalSection(ExtensibilityGlobals) = postSolution
		SolutionGuid = {0CF2D4E8-DFEE-428A-AD8A-B6A47A0C9108}
	EndGlobalSection
EndGlobal
